
Microsoft Visual Studio Solution File, Format Version 12.00
# Visual Studio 2015
Project("{FAE04EC0-301F-11D3-BF4B-00C04F79EFBC}") = "Digcraft2D.CSharp.Plugins", "Digcraft2D.CSharp.Plugins.csproj", "{3FB01B35-70A8-B26B-C418-D371B04F7E62}"
EndProject
Project("{FAE04EC0-301F-11D3-BF4B-00C04F79EFBC}") = "Digcraft2D.CSharp", "Digcraft2D.CSharp.csproj", "{2BD7FC74-E46F-0C76-1D0A-091136D39089}"
EndProject
Project("{FAE04EC0-301F-11D3-BF4B-00C04F79EFBC}") = "Digcraft2D.CSharp.Editor", "Digcraft2D.CSharp.Editor.csproj", "{F09AE77D-D899-EC1C-21D1-6E968E5BBD20}"
EndProject
Global
	GlobalSection(SolutionConfigurationPlatforms) = preSolution
		Debug|Any CPU = Debug|Any CPU
		Release|Any CPU = Release|Any CPU
	EndGlobalSection
	GlobalSection(ProjectConfigurationPlatforms) = postSolution
		{3FB01B35-70A8-B26B-C418-D371B04F7E62}.Debug|Any CPU.ActiveCfg = Debug|Any CPU
		{3FB01B35-70A8-B26B-C418-D371B04F7E62}.Debug|Any CPU.Build.0 = Debug|Any CPU
		{3FB01B35-70A8-B26B-C418-D371B04F7E62}.Release|Any CPU.ActiveCfg = Release|Any CPU
		{3FB01B35-70A8-B26B-C418-D371B04F7E62}.Release|Any CPU.Build.0 = Release|Any CPU
		{2BD7FC74-E46F-0C76-1D0A-091136D39089}.Debug|Any CPU.ActiveCfg = Debug|Any CPU
		{2BD7FC74-E46F-0C76-1D0A-091136D39089}.Debug|Any CPU.Build.0 = Debug|Any CPU
		{2BD7FC74-E46F-0C76-1D0A-091136D39089}.Release|Any CPU.ActiveCfg = Release|Any CPU
		{2BD7FC74-E46F-0C76-1D0A-091136D39089}.Release|Any CPU.Build.0 = Release|Any CPU
		{F09AE77D-D899-EC1C-21D1-6E968E5BBD20}.Debug|Any CPU.ActiveCfg = Debug|Any CPU
		{F09AE77D-D899-EC1C-21D1-6E968E5BBD20}.Debug|Any CPU.Build.0 = Debug|Any CPU
		{F09AE77D-D899-EC1C-21D1-6E968E5BBD20}.Release|Any CPU.ActiveCfg = Release|Any CPU
		{F09AE77D-D899-EC1C-21D1-6E968E5BBD20}.Release|Any CPU.Build.0 = Release|Any CPU
	EndGlobalSection
	GlobalSection(SolutionProperties) = preSolution
		HideSolutionNode = FALSE
	EndGlobalSection
EndGlobal
